// !$*UTF8*$!
{
	archiveVersion = 1;
	classes = {
	};
	objectVersion = 46;
	objects = {

/* Begin PBXBuildFile section */
		5214A24F1CDC0F960072420B /* TableTestViewController.swift in Sources */ = {isa = PBXBuildFile; fileRef = 5214A24E1CDC0F960072420B /* TableTestViewController.swift */; };
		5214A2531CDC11920072420B /* CloseButton.swift in Sources */ = {isa = PBXBuildFile; fileRef = 5214A2501CDC11920072420B /* CloseButton.swift */; };
		5214A2541CDC11920072420B /* TagListView.swift in Sources */ = {isa = PBXBuildFile; fileRef = 5214A2511CDC11920072420B /* TagListView.swift */; };
		5214A2551CDC11920072420B /* TagView.swift in Sources */ = {isa = PBXBuildFile; fileRef = 5214A2521CDC11920072420B /* TagView.swift */; };
		961271261CD03096002268F7 /* AppDelegate.swift in Sources */ = {isa = PBXBuildFile; fileRef = 961271251CD03096002268F7 /* AppDelegate.swift */; };
		9612712B1CD03096002268F7 /* Main.storyboard in Resources */ = {isa = PBXBuildFile; fileRef = 961271291CD03096002268F7 /* Main.storyboard */; };
		9612712D1CD03096002268F7 /* Assets.xcassets in Resources */ = {isa = PBXBuildFile; fileRef = 9612712C1CD03096002268F7 /* Assets.xcassets */; };
		961271301CD03096002268F7 /* LaunchScreen.storyboard in Resources */ = {isa = PBXBuildFile; fileRef = 9612712E1CD03096002268F7 /* LaunchScreen.storyboard */; };
		9612713A1CD032BC002268F7 /* TagsCell.swift in Sources */ = {isa = PBXBuildFile; fileRef = 961271391CD032BC002268F7 /* TagsCell.swift */; };
/* End PBXBuildFile section */

/* Begin PBXFileReference section */
		5214A24E1CDC0F960072420B /* TableTestViewController.swift */ = {isa = PBXFileReference; fileEncoding = 4; lastKnownFileType = sourcecode.swift; path = TableTestViewController.swift; sourceTree = "<group>"; };
		5214A2501CDC11920072420B /* CloseButton.swift */ = {isa = PBXFileReference; fileEncoding = 4; lastKnownFileType = sourcecode.swift; path = CloseButton.swift; sourceTree = "<group>"; };
		5214A2511CDC11920072420B /* TagListView.swift */ = {isa = PBXFileReference; fileEncoding = 4; lastKnownFileType = sourcecode.swift; path = TagListView.swift; sourceTree = "<group>"; };
		5214A2521CDC11920072420B /* TagView.swift */ = {isa = PBXFileReference; fileEncoding = 4; lastKnownFileType = sourcecode.swift; path = TagView.swift; sourceTree = "<group>"; };
		961271221CD03096002268F7 /* TagListViewStoryboardBug.app */ = {isa = PBXFileReference; explicitFileType = wrapper.application; includeInIndex = 0; path = TagListViewStoryboardBug.app; sourceTree = BUILT_PRODUCTS_DIR; };
		961271251CD03096002268F7 /* AppDelegate.swift */ = {isa = PBXFileReference; lastKnownFileType = sourcecode.swift; path = AppDelegate.swift; sourceTree = "<group>"; };
		9612712A1CD03096002268F7 /* Base */ = {isa = PBXFileReference; lastKnownFileType = file.storyboard; name = Base; path = Base.lproj/Main.storyboard; sourceTree = "<group>"; };
		9612712C1CD03096002268F7 /* Assets.xcassets */ = {isa = PBXFileReference; lastKnownFileType = folder.assetcatalog; path = Assets.xcassets; sourceTree = "<group>"; };
		9612712F1CD03096002268F7 /* Base */ = {isa = PBXFileReference; lastKnownFileType = file.storyboard; name = Base; path = Base.lproj/LaunchScreen.storyboard; sourceTree = "<group>"; };
		961271311CD03096002268F7 /* Info.plist */ = {isa = PBXFileReference; lastKnownFileType = text.plist.xml; path = Info.plist; sourceTree = "<group>"; };
		961271391CD032BC002268F7 /* TagsCell.swift */ = {isa = PBXFileReference; fileEncoding = 4; lastKnownFileType = sourcecode.swift; path = TagsCell.swift; sourceTree = "<group>"; };
/* End PBXFileReference section */

/* Begin PBXFrameworksBuildPhase section */
		9612711F1CD03096002268F7 /* Frameworks */ = {
			isa = PBXFrameworksBuildPhase;
			buildActionMask = 2147483647;
			files = (
			);
			runOnlyForDeploymentPostprocessing = 0;
		};
/* End PBXFrameworksBuildPhase section */

/* Begin PBXGroup section */
		8088161786F4D44B4B180421 /* Frameworks */ = {
			isa = PBXGroup;
			children = (
			);
			name = Frameworks;
			sourceTree = "<group>";
		};
		961271191CD03096002268F7 = {
			isa = PBXGroup;
			children = (
				961271241CD03096002268F7 /* TagListViewStoryboardBug */,
				961271231CD03096002268F7 /* Products */,
				8088161786F4D44B4B180421 /* Frameworks */,
			);
			sourceTree = "<group>";
		};
		961271231CD03096002268F7 /* Products */ = {
			isa = PBXGroup;
			children = (
				961271221CD03096002268F7 /* TagListViewStoryboardBug.app */,
			);
			name = Products;
			sourceTree = "<group>";
		};
		961271241CD03096002268F7 /* TagListViewStoryboardBug */ = {
			isa = PBXGroup;
			children = (
				5214A2501CDC11920072420B /* CloseButton.swift */,
				5214A2511CDC11920072420B /* TagListView.swift */,
				5214A2521CDC11920072420B /* TagView.swift */,
				961271251CD03096002268F7 /* AppDelegate.swift */,
				961271291CD03096002268F7 /* Main.storyboard */,
				961271391CD032BC002268F7 /* TagsCell.swift */,
				9612712C1CD03096002268F7 /* Assets.xcassets */,
				9612712E1CD03096002268F7 /* LaunchScreen.storyboard */,
				961271311CD03096002268F7 /* Info.plist */,
				5214A24E1CDC0F960072420B /* TableTestViewController.swift */,
			);
			path = TagListViewStoryboardBug;
			sourceTree = "<group>";
		};
/* End PBXGroup section */

/* Begin PBXNativeTarget section */
		961271211CD03096002268F7 /* TagListViewStoryboardBug */ = {
			isa = PBXNativeTarget;
			buildConfigurationList = 961271341CD03096002268F7 /* Build configuration list for PBXNativeTarget "TagListViewStoryboardBug" */;
			buildPhases = (
				9612711E1CD03096002268F7 /* Sources */,
				9612711F1CD03096002268F7 /* Frameworks */,
				961271201CD03096002268F7 /* Resources */,
			);
			buildRules = (
			);
			dependencies = (
			);
			name = TagListViewStoryboardBug;
			productName = TagListViewStoryboardBug;
			productReference = 961271221CD03096002268F7 /* TagListViewStoryboardBug.app */;
			productType = "com.apple.product-type.application";
		};
/* End PBXNativeTarget section */

/* Begin PBXProject section */
		9612711A1CD03096002268F7 /* Project object */ = {
			isa = PBXProject;
			attributes = {
				LastSwiftUpdateCheck = 0730;
				LastUpgradeCheck = 0730;
				ORGANIZATIONNAME = "Jason Ji";
				TargetAttributes = {
					961271211CD03096002268F7 = {
						CreatedOnToolsVersion = 7.3;
					};
				};
			};
			buildConfigurationList = 9612711D1CD03096002268F7 /* Build configuration list for PBXProject "TagListViewStoryboardBug" */;
			compatibilityVersion = "Xcode 3.2";
			developmentRegion = English;
			hasScannedForEncodings = 0;
			knownRegions = (
				en,
				Base,
			);
			mainGroup = 961271191CD03096002268F7;
			productRefGroup = 961271231CD03096002268F7 /* Products */;
			projectDirPath = "";
			projectRoot = "";
			targets = (
				961271211CD03096002268F7 /* TagListViewStoryboardBug */,
			);
		};
/* End PBXProject section */

/* Begin PBXResourcesBuildPhase section */
		961271201CD03096002268F7 /* Resources */ = {
			isa = PBXResourcesBuildPhase;
			buildActionMask = 2147483647;
			files = (
				961271301CD03096002268F7 /* LaunchScreen.storyboard in Resources */,
				9612712D1CD03096002268F7 /* Assets.xcassets in Resources */,
				9612712B1CD03096002268F7 /* Main.storyboard in Resources */,
			);
			runOnlyForDeploymentPostprocessing = 0;
		};
/* End PBXResourcesBuildPhase section */

/* Begin PBXSourcesBuildPhase section */
		9612711E1CD03096002268F7 /* Sources */ = {
			isa = PBXSourcesBuildPhase;
			buildActionMask = 2147483647;
			files = (
				5214A2531CDC11920072420B /* CloseButton.swift in Sources */,
				5214A2541CDC11920072420B /* TagListView.swift in Sources */,
				9612713A1CD032BC002268F7 /* TagsCell.swift in Sources */,
				961271261CD03096002268F7 /* AppDelegate.swift in Sources */,
				5214A2551CDC11920072420B /* TagView.swift in Sources */,
				5214A24F1CDC0F960072420B /* TableTestViewController.swift in Sources */,
			);
			runOnlyForDeploymentPostprocessing = 0;
		};
/* End PBXSourcesBuildPhase section */

/* Begin PBXVariantGroup section */
		961271291CD03096002268F7 /* Main.storyboard */ = {
			isa = PBXVariantGroup;
			children = (
				9612712A1CD03096002268F7 /* Base */,
			);
			name = Main.storyboard;
			sourceTree = "<group>";
		};
		9612712E1CD03096002268F7 /* LaunchScreen.storyboard */ = {
			isa = PBXVariantGroup;
			children = (
				9612712F1CD03096002268F7 /* Base */,
			);
			name = LaunchScreen.storyboard;
			sourceTree = "<group>";
		};
/* End PBXVariantGroup section */

/* Begin XCBuildConfiguration section */
		961271321CD03096002268F7 /* Debug */ = {
			isa = XCBuildConfiguration;
			buildSettings = {
				ALWAYS_SEARCH_USER_PATHS = NO;
				CLANG_ANALYZER_NONNULL = YES;
				CLANG_CXX_LANGUAGE_STANDARD = "gnu++0x";
				CLANG_CXX_LIBRARY = "libc++";
				CLANG_ENABLE_MODULES = YES;
				CLANG_ENABLE_OBJC_ARC = YES;
				CLANG_WARN_BOOL_CONVERSION = YES;
				CLANG_WARN_CONSTANT_CONVERSION = YES;
				CLANG_WARN_DIRECT_OBJC_ISA_USAGE = YES_ERROR;
				CLANG_WARN_EMPTY_BODY = YES;
				CLANG_WARN_ENUM_CONVERSION = YES;
				CLANG_WARN_INT_CONVERSION = YES;
				CLANG_WARN_OBJC_ROOT_CLASS = YES_ERROR;
				CLANG_WARN_UNREACHABLE_CODE = YES;
				CLANG_WARN__DUPLICATE_METHOD_MATCH = YES;
				"CODE_SIGN_IDENTITY[sdk=iphoneos*]" = "iPhone Developer";
				COPY_PHASE_STRIP = NO;
				DEBUG_INFORMATION_FORMAT = dwarf;
				ENABLE_STRICT_OBJC_MSGSEND = YES;
				ENABLE_TESTABILITY = YES;
				GCC_C_LANGUAGE_STANDARD = gnu99;
				GCC_DYNAMIC_NO_PIC = NO;
				GCC_NO_COMMON_BLOCKS = YES;
				GCC_OPTIMIZATION_LEVEL = 0;
				GCC_PREPROCESSOR_DEFINITIONS = (
					"DEBUG=1",
					"$(inherited)",
				);
				GCC_WARN_64_TO_32_BIT_CONVERSION = YES;
				GCC_WARN_ABOUT_RETURN_TYPE = YES_ERROR;
				GCC_WARN_UNDECLARED_SELECTOR = YES;
				GCC_WARN_UNINITIALIZED_AUTOS = YES_AGGRESSIVE;
				GCC_WARN_UNUSED_FUNCTION = YES;
				GCC_WARN_UNUSED_VARIABLE = YES;
				IPHONEOS_DEPLOYMENT_TARGET = 9.3;
				MTL_ENABLE_DEBUG_INFO = YES;
				ONLY_ACTIVE_ARCH = YES;
				SDKROOT = iphoneos;
				SWIFT_OPTIMIZATION_LEVEL = "-Onone";
			};
			name = Debug;
		};
		961271331CD03096002268F7 /* Release */ = {
			isa = XCBuildConfiguration;
			buildSettings = {
				ALWAYS_SEARCH_USER_PATHS = NO;
				CLANG_ANALYZER_NONNULL = YES;
				CLANG_CXX_LANGUAGE_STANDARD = "gnu++0x";
				CLANG_CXX_LIBRARY = "libc++";
				CLANG_ENABLE_MODULES = YES;
				CLANG_ENABLE_OBJC_ARC = YES;
				CLANG_WARN_BOOL_CONVERSION = YES;
				CLANG_WARN_CONSTANT_CONVERSION = YES;
				CLANG_WARN_DIRECT_OBJC_ISA_USAGE = YES_ERROR;
				CLANG_WARN_EMPTY_BODY = YES;
				CLANG_WARN_ENUM_CONVERSION = YES;
				CLANG_WARN_INT_CONVERSION = YES;
				CLANG_WARN_OBJC_ROOT_CLASS = YES_ERROR;
				CLANG_WARN_UNREACHABLE_CODE = YES;
				CLANG_WARN__DUPLICATE_METHOD_MATCH = YES;
				"CODE_SIGN_IDENTITY[sdk=iphoneos*]" = "iPhone Developer";
				COPY_PHASE_STRIP = NO;
				DEBUG_INFORMATION_FORMAT = "dwarf-with-dsym";
				ENABLE_NS_ASSERTIONS = NO;
				ENABLE_STRICT_OBJC_MSGSEND = YES;
				GCC_C_LANGUAGE_STANDARD = gnu99;
				GCC_NO_COMMON_BLOCKS = YES;
				GCC_WARN_64_TO_32_BIT_CONVERSION = YES;
				GCC_WARN_ABOUT_RETURN_TYPE = YES_ERROR;
				GCC_WARN_UNDECLARED_SELECTOR = YES;
				GCC_WARN_UNINITIALIZED_AUTOS = YES_AGGRESSIVE;
				GCC_WARN_UNUSED_FUNCTION = YES;
				GCC_WARN_UNUSED_VARIABLE = YES;
				IPHONEOS_DEPLOYMENT_TARGET = 9.3;
				MTL_ENABLE_DEBUG_INFO = NO;
				SDKROOT = iphoneos;
				VALIDATE_PRODUCT = YES;
			};
			name = Release;
		};
		961271351CD03096002268F7 /* Debug */ = {
			isa = XCBuildConfiguration;
			buildSettings = {
				ASSETCATALOG_COMPILER_APPICON_NAME = AppIcon;
				INFOPLIST_FILE = TagListViewStoryboardBug/Info.plist;
				LD_RUNPATH_SEARCH_PATHS = "$(inherited) @executable_path/Frameworks";
				PRODUCT_BUNDLE_IDENTIFIER = com.JYJApps.TagListViewStoryboardBug;
				PRODUCT_NAME = "$(TARGET_NAME)";
			};
			name = Debug;
		};
		961271361CD03096002268F7 /* Release */ = {
			isa = XCBuildConfiguration;
			buildSettings = {
				ASSETCATALOG_COMPILER_APPICON_NAME = AppIcon;
				INFOPLIST_FILE = TagListViewStoryboardBug/Info.plist;
				LD_RUNPATH_SEARCH_PATHS = "$(inherited) @executable_path/Frameworks";
				PRODUCT_BUNDLE_IDENTIFIER = com.JYJApps.TagListViewStoryboardBug;
				PRODUCT_NAME = "$(TARGET_NAME)";
			};
			name = Release;
		};
/* End XCBuildConfiguration section */

/* Begin XCConfigurationList section */
		9612711D1CD03096002268F7 /* Build configuration list for PBXProject "TagListViewStoryboardBug" */ = {
			isa = XCConfigurationList;
			buildConfigurations = (
				961271321CD03096002268F7 /* Debug */,
				961271331CD03096002268F7 /* Release */,
			);
			defaultConfigurationIsVisible = 0;
			defaultConfigurationName = Release;
		};
		961271341CD03096002268F7 /* Build configuration list for PBXNativeTarget "TagListViewStoryboardBug" */ = {
			isa = XCConfigurationList;
			buildConfigurations = (
				961271351CD03096002268F7 /* Debug */,
				961271361CD03096002268F7 /* Release */,
			);
			defaultConfigurationIsVisible = 0;
			defaultConfigurationName = Release;
		};
/* End XCConfigurationList section */
	};
	rootObject = 9612711A1CD03096002268F7 /* Project object */;
}
